
Microsoft Visual Studio Solution File, Format Version 12.00
# Visual Studio 15
VisualStudioVersion = 15.0.27130.2024
MinimumVisualStudioVersion = 10.0.40219.1
Project("{FAE04EC0-301F-11D3-BF4B-00C04F79EFBC}") = "RES.BusinessLogic.Core", "RES.BusinessLogic.Core\RES.BusinessLogic.Core.csproj", "{A5B2C8DF-6A56-47F4-804E-0E0808F5720D}"
EndProject
Project("{FAE04EC0-301F-11D3-BF4B-00C04F79EFBC}") = "RES.DataAccess.Interfaces", "RES.DataAccess.Interfaces\RES.DataAccess.Interfaces.csproj", "{F3710C49-E227-427A-B369-B3F6755DAFA6}"
EndProject
Project("{FAE04EC0-301F-11D3-BF4B-00C04F79EFBC}") = "RES.DataAccess.Core", "RES.DataAccess.Core\RES.DataAccess.Core.csproj", "{74010C9D-452E-42D2-BA56-FA8911F2F6ED}"
EndProject
Project("{FAE04EC0-301F-11D3-BF4B-00C04F79EFBC}") = "RES.Web.Site", "RES.Web.Site\RES.Web.Site.csproj", "{166BBDB0-E058-4E37-93C1-D0892020F3F5}"
EndProject
Project("{FAE04EC0-301F-11D3-BF4B-00C04F79EFBC}") = "RES.Commons.Core", "RES.Commons.Core\RES.Commons.Core.csproj", "{DF936096-63F1-4FF9-BCB0-089E9F389ACA}"
EndProject
Global
	GlobalSection(SolutionConfigurationPlatforms) = preSolution
		Debug|Any CPU = Debug|Any CPU
		Release|Any CPU = Release|Any CPU
	EndGlobalSection
	GlobalSection(ProjectConfigurationPlatforms) = postSolution
		{A5B2C8DF-6A56-47F4-804E-0E0808F5720D}.Debug|Any CPU.ActiveCfg = Debug|Any CPU
		{A5B2C8DF-6A56-47F4-804E-0E0808F5720D}.Debug|Any CPU.Build.0 = Debug|Any CPU
		{A5B2C8DF-6A56-47F4-804E-0E0808F5720D}.Release|Any CPU.ActiveCfg = Release|Any CPU
		{A5B2C8DF-6A56-47F4-804E-0E0808F5720D}.Release|Any CPU.Build.0 = Release|Any CPU
		{F3710C49-E227-427A-B369-B3F6755DAFA6}.Debug|Any CPU.ActiveCfg = Debug|Any CPU
		{F3710C49-E227-427A-B369-B3F6755DAFA6}.Debug|Any CPU.Build.0 = Debug|Any CPU
		{F3710C49-E227-427A-B369-B3F6755DAFA6}.Release|Any CPU.ActiveCfg = Release|Any CPU
		{F3710C49-E227-427A-B369-B3F6755DAFA6}.Release|Any CPU.Build.0 = Release|Any CPU
		{74010C9D-452E-42D2-BA56-FA8911F2F6ED}.Debug|Any CPU.ActiveCfg = Debug|Any CPU
		{74010C9D-452E-42D2-BA56-FA8911F2F6ED}.Debug|Any CPU.Build.0 = Debug|Any CPU
		{74010C9D-452E-42D2-BA56-FA8911F2F6ED}.Release|Any CPU.ActiveCfg = Release|Any CPU
		{74010C9D-452E-42D2-BA56-FA8911F2F6ED}.Release|Any CPU.Build.0 = Release|Any CPU
		{166BBDB0-E058-4E37-93C1-D0892020F3F5}.Debug|Any CPU.ActiveCfg = Debug|Any CPU
		{166BBDB0-E058-4E37-93C1-D0892020F3F5}.Debug|Any CPU.Build.0 = Debug|Any CPU
		{166BBDB0-E058-4E37-93C1-D0892020F3F5}.Release|Any CPU.ActiveCfg = Release|Any CPU
		{166BBDB0-E058-4E37-93C1-D0892020F3F5}.Release|Any CPU.Build.0 = Release|Any CPU
		{DF936096-63F1-4FF9-BCB0-089E9F389ACA}.Debug|Any CPU.ActiveCfg = Debug|Any CPU
		{DF936096-63F1-4FF9-BCB0-089E9F389ACA}.Debug|Any CPU.Build.0 = Debug|Any CPU
		{DF936096-63F1-4FF9-BCB0-089E9F389ACA}.Release|Any CPU.ActiveCfg = Release|Any CPU
		{DF936096-63F1-4FF9-BCB0-089E9F389ACA}.Release|Any CPU.Build.0 = Release|Any CPU
	EndGlobalSection
	GlobalSection(SolutionProperties) = preSolution
		HideSolutionNode = FALSE
	EndGlobalSection
	GlobalSection(ExtensibilityGlobals) = postSolution
		SolutionGuid = {699271E7-B53B-4431-8FD4-A5C9574CDE47}
	EndGlobalSection
EndGlobal
